// !$*UTF8*$!
{
	archiveVersion = 1;
	classes = {
	};
	objectVersion = 56;
	objects = {

/* Begin PBXBuildFile section */
		0901E4862A8E53740079D5D5 /* AppDelegate.swift in Sources */ = {isa = PBXBuildFile; fileRef = 0901E4852A8E53740079D5D5 /* AppDelegate.swift */; };
		0901E48D2A8E53740079D5D5 /* TMMovies.storyboard in Resources */ = {isa = PBXBuildFile; fileRef = 0901E48B2A8E53740079D5D5 /* TMMovies.storyboard */; };
		0901E48F2A8E53770079D5D5 /* Assets.xcassets in Resources */ = {isa = PBXBuildFile; fileRef = 0901E48E2A8E53770079D5D5 /* Assets.xcassets */; };
		0901E4922A8E53770079D5D5 /* LaunchScreen.storyboard in Resources */ = {isa = PBXBuildFile; fileRef = 0901E4902A8E53770079D5D5 /* LaunchScreen.storyboard */; };
		0901E49D2A8E53770079D5D5 /* TrendingMoviesTests.swift in Sources */ = {isa = PBXBuildFile; fileRef = 0901E49C2A8E53770079D5D5 /* TrendingMoviesTests.swift */; };
		0901E4A72A8E53770079D5D5 /* TrendingMoviesUITests.swift in Sources */ = {isa = PBXBuildFile; fileRef = 0901E4A62A8E53770079D5D5 /* TrendingMoviesUITests.swift */; };
		0901E4A92A8E53770079D5D5 /* TrendingMoviesUITestsLaunchTests.swift in Sources */ = {isa = PBXBuildFile; fileRef = 0901E4A82A8E53770079D5D5 /* TrendingMoviesUITestsLaunchTests.swift */; };
		0901E4B62A8E694B0079D5D5 /* TMMovieTableViewCell.swift in Sources */ = {isa = PBXBuildFile; fileRef = 0901E4B52A8E694B0079D5D5 /* TMMovieTableViewCell.swift */; };
		0901E4B82A8E721F0079D5D5 /* TMDBApiInfo.swift in Sources */ = {isa = PBXBuildFile; fileRef = 0901E4B72A8E721F0079D5D5 /* TMDBApiInfo.swift */; };
		0901E4BA2A8E73EE0079D5D5 /* TMMovieListResponse.swift in Sources */ = {isa = PBXBuildFile; fileRef = 0901E4B92A8E73EE0079D5D5 /* TMMovieListResponse.swift */; };
		09205AAD2AAD486400A76831 /* TMMoviesListContract.swift in Sources */ = {isa = PBXBuildFile; fileRef = 09205AA72AAD486400A76831 /* TMMoviesListContract.swift */; };
		09205AAE2AAD486400A76831 /* TMMoviesListPresenter.swift in Sources */ = {isa = PBXBuildFile; fileRef = 09205AA82AAD486400A76831 /* TMMoviesListPresenter.swift */; };
		09205AAF2AAD486400A76831 /* TMMoviesListController.swift in Sources */ = {isa = PBXBuildFile; fileRef = 09205AA92AAD486400A76831 /* TMMoviesListController.swift */; };
		09205AB02AAD486400A76831 /* TMMoviesListInteractor.swift in Sources */ = {isa = PBXBuildFile; fileRef = 09205AAA2AAD486400A76831 /* TMMoviesListInteractor.swift */; };
		09205AB12AAD486400A76831 /* TMMoviesListWireframe.swift in Sources */ = {isa = PBXBuildFile; fileRef = 09205AAB2AAD486400A76831 /* TMMoviesListWireframe.swift */; };
		09205AB52AB5400100A76831 /* TMBaseViewController.swift in Sources */ = {isa = PBXBuildFile; fileRef = 09205AB42AB5400100A76831 /* TMBaseViewController.swift */; };
		09205AB72AB5407A00A76831 /* TMBasePresenter.swift in Sources */ = {isa = PBXBuildFile; fileRef = 09205AB62AB5407A00A76831 /* TMBasePresenter.swift */; };
		09205AB92AB5426E00A76831 /* TMBaseInteractor.swift in Sources */ = {isa = PBXBuildFile; fileRef = 09205AB82AB5426E00A76831 /* TMBaseInteractor.swift */; };
		09205ABB2AB5432100A76831 /* TMBaseWireFrame.swift in Sources */ = {isa = PBXBuildFile; fileRef = 09205ABA2AB5432100A76831 /* TMBaseWireFrame.swift */; };
		09205ABD2AB553B900A76831 /* TMMovieService.swift in Sources */ = {isa = PBXBuildFile; fileRef = 09205ABC2AB553B900A76831 /* TMMovieService.swift */; };
		09205AC02AB727FF00A76831 /* Alamofire in Frameworks */ = {isa = PBXBuildFile; productRef = 09205ABF2AB727FF00A76831 /* Alamofire */; };
		09205AC42AB9141D00A76831 /* SceneDelegate.swift in Sources */ = {isa = PBXBuildFile; fileRef = 09205AC32AB9141D00A76831 /* SceneDelegate.swift */; };
		09205AC72ABA89FB00A76831 /* TMMovieUIModel.swift in Sources */ = {isa = PBXBuildFile; fileRef = 09205AC62ABA89FB00A76831 /* TMMovieUIModel.swift */; };
		09602E272ABEA49E001F6280 /* SDWebImage in Frameworks */ = {isa = PBXBuildFile; productRef = 09602E262ABEA49E001F6280 /* SDWebImage */; };
		09602E2A2ABEABB2001F6280 /* TMConfigModel.swift in Sources */ = {isa = PBXBuildFile; fileRef = 09602E292ABEABB2001F6280 /* TMConfigModel.swift */; };
		09602E2C2ABEAC31001F6280 /* TMConfigurationService.swift in Sources */ = {isa = PBXBuildFile; fileRef = 09602E2B2ABEAC31001F6280 /* TMConfigurationService.swift */; };
		09602E2E2ABECB37001F6280 /* ErrorHandling.swift in Sources */ = {isa = PBXBuildFile; fileRef = 09602E2D2ABECB37001F6280 /* ErrorHandling.swift */; };
		09602E302ABECB91001F6280 /* UIViewController+ErrorHandling.swift in Sources */ = {isa = PBXBuildFile; fileRef = 09602E2F2ABECB90001F6280 /* UIViewController+ErrorHandling.swift */; };
/* End PBXBuildFile section */

/* Begin PBXContainerItemProxy section */
		0901E4992A8E53770079D5D5 /* PBXContainerItemProxy */ = {
			isa = PBXContainerItemProxy;
			containerPortal = 0901E47A2A8E53740079D5D5 /* Project object */;
			proxyType = 1;
			remoteGlobalIDString = 0901E4812A8E53740079D5D5;
			remoteInfo = TrendingMovies;
		};
		0901E4A32A8E53770079D5D5 /* PBXContainerItemProxy */ = {
			isa = PBXContainerItemProxy;
			containerPortal = 0901E47A2A8E53740079D5D5 /* Project object */;
			proxyType = 1;
			remoteGlobalIDString = 0901E4812A8E53740079D5D5;
			remoteInfo = TrendingMovies;
		};
/* End PBXContainerItemProxy section */

/* Begin PBXFileReference section */
		0901E4822A8E53740079D5D5 /* TrendingMovies.app */ = {isa = PBXFileReference; explicitFileType = wrapper.application; includeInIndex = 0; path = TrendingMovies.app; sourceTree = BUILT_PRODUCTS_DIR; };
		0901E4852A8E53740079D5D5 /* AppDelegate.swift */ = {isa = PBXFileReference; lastKnownFileType = sourcecode.swift; path = AppDelegate.swift; sourceTree = "<group>"; };
		0901E48C2A8E53740079D5D5 /* Base */ = {isa = PBXFileReference; lastKnownFileType = file.storyboard; name = Base; path = Base.lproj/TMMovies.storyboard; sourceTree = "<group>"; };
		0901E48E2A8E53770079D5D5 /* Assets.xcassets */ = {isa = PBXFileReference; lastKnownFileType = folder.assetcatalog; path = Assets.xcassets; sourceTree = "<group>"; };
		0901E4912A8E53770079D5D5 /* Base */ = {isa = PBXFileReference; lastKnownFileType = file.storyboard; name = Base; path = Base.lproj/LaunchScreen.storyboard; sourceTree = "<group>"; };
		0901E4932A8E53770079D5D5 /* Info.plist */ = {isa = PBXFileReference; lastKnownFileType = text.plist.xml; path = Info.plist; sourceTree = "<group>"; };
		0901E4982A8E53770079D5D5 /* TrendingMoviesTests.xctest */ = {isa = PBXFileReference; explicitFileType = wrapper.cfbundle; includeInIndex = 0; path = TrendingMoviesTests.xctest; sourceTree = BUILT_PRODUCTS_DIR; };
		0901E49C2A8E53770079D5D5 /* TrendingMoviesTests.swift */ = {isa = PBXFileReference; lastKnownFileType = sourcecode.swift; path = TrendingMoviesTests.swift; sourceTree = "<group>"; };
		0901E4A22A8E53770079D5D5 /* TrendingMoviesUITests.xctest */ = {isa = PBXFileReference; explicitFileType = wrapper.cfbundle; includeInIndex = 0; path = TrendingMoviesUITests.xctest; sourceTree = BUILT_PRODUCTS_DIR; };
		0901E4A62A8E53770079D5D5 /* TrendingMoviesUITests.swift */ = {isa = PBXFileReference; lastKnownFileType = sourcecode.swift; path = TrendingMoviesUITests.swift; sourceTree = "<group>"; };
		0901E4A82A8E53770079D5D5 /* TrendingMoviesUITestsLaunchTests.swift */ = {isa = PBXFileReference; lastKnownFileType = sourcecode.swift; path = TrendingMoviesUITestsLaunchTests.swift; sourceTree = "<group>"; };
		0901E4B52A8E694B0079D5D5 /* TMMovieTableViewCell.swift */ = {isa = PBXFileReference; lastKnownFileType = sourcecode.swift; path = TMMovieTableViewCell.swift; sourceTree = "<group>"; };
		0901E4B72A8E721F0079D5D5 /* TMDBApiInfo.swift */ = {isa = PBXFileReference; lastKnownFileType = sourcecode.swift; path = TMDBApiInfo.swift; sourceTree = "<group>"; };
		0901E4B92A8E73EE0079D5D5 /* TMMovieListResponse.swift */ = {isa = PBXFileReference; lastKnownFileType = sourcecode.swift; path = TMMovieListResponse.swift; sourceTree = "<group>"; };
		09205AA72AAD486400A76831 /* TMMoviesListContract.swift */ = {isa = PBXFileReference; lastKnownFileType = sourcecode.swift; path = TMMoviesListContract.swift; sourceTree = "<group>"; };
		09205AA82AAD486400A76831 /* TMMoviesListPresenter.swift */ = {isa = PBXFileReference; lastKnownFileType = sourcecode.swift; path = TMMoviesListPresenter.swift; sourceTree = "<group>"; };
		09205AA92AAD486400A76831 /* TMMoviesListController.swift */ = {isa = PBXFileReference; lastKnownFileType = sourcecode.swift; path = TMMoviesListController.swift; sourceTree = "<group>"; };
		09205AAA2AAD486400A76831 /* TMMoviesListInteractor.swift */ = {isa = PBXFileReference; lastKnownFileType = sourcecode.swift; path = TMMoviesListInteractor.swift; sourceTree = "<group>"; };
		09205AAB2AAD486400A76831 /* TMMoviesListWireframe.swift */ = {isa = PBXFileReference; lastKnownFileType = sourcecode.swift; path = TMMoviesListWireframe.swift; sourceTree = "<group>"; };
		09205AB42AB5400100A76831 /* TMBaseViewController.swift */ = {isa = PBXFileReference; lastKnownFileType = sourcecode.swift; path = TMBaseViewController.swift; sourceTree = "<group>"; };
		09205AB62AB5407A00A76831 /* TMBasePresenter.swift */ = {isa = PBXFileReference; lastKnownFileType = sourcecode.swift; path = TMBasePresenter.swift; sourceTree = "<group>"; };
		09205AB82AB5426E00A76831 /* TMBaseInteractor.swift */ = {isa = PBXFileReference; lastKnownFileType = sourcecode.swift; path = TMBaseInteractor.swift; sourceTree = "<group>"; };
		09205ABA2AB5432100A76831 /* TMBaseWireFrame.swift */ = {isa = PBXFileReference; lastKnownFileType = sourcecode.swift; path = TMBaseWireFrame.swift; sourceTree = "<group>"; };
		09205ABC2AB553B900A76831 /* TMMovieService.swift */ = {isa = PBXFileReference; lastKnownFileType = sourcecode.swift; path = TMMovieService.swift; sourceTree = "<group>"; };
		09205AC32AB9141D00A76831 /* SceneDelegate.swift */ = {isa = PBXFileReference; fileEncoding = 4; lastKnownFileType = sourcecode.swift; path = SceneDelegate.swift; sourceTree = "<group>"; };
		09205AC62ABA89FB00A76831 /* TMMovieUIModel.swift */ = {isa = PBXFileReference; lastKnownFileType = sourcecode.swift; path = TMMovieUIModel.swift; sourceTree = "<group>"; };
		09602E292ABEABB2001F6280 /* TMConfigModel.swift */ = {isa = PBXFileReference; lastKnownFileType = sourcecode.swift; path = TMConfigModel.swift; sourceTree = "<group>"; };
		09602E2B2ABEAC31001F6280 /* TMConfigurationService.swift */ = {isa = PBXFileReference; lastKnownFileType = sourcecode.swift; path = TMConfigurationService.swift; sourceTree = "<group>"; };
		09602E2D2ABECB37001F6280 /* ErrorHandling.swift */ = {isa = PBXFileReference; lastKnownFileType = sourcecode.swift; path = ErrorHandling.swift; sourceTree = "<group>"; };
		09602E2F2ABECB90001F6280 /* UIViewController+ErrorHandling.swift */ = {isa = PBXFileReference; lastKnownFileType = sourcecode.swift; path = "UIViewController+ErrorHandling.swift"; sourceTree = "<group>"; };
/* End PBXFileReference section */

/* Begin PBXFrameworksBuildPhase section */
		0901E47F2A8E53740079D5D5 /* Frameworks */ = {
			isa = PBXFrameworksBuildPhase;
			buildActionMask = 2147483647;
			files = (
				09602E272ABEA49E001F6280 /* SDWebImage in Frameworks */,
				09205AC02AB727FF00A76831 /* Alamofire in Frameworks */,
			);
			runOnlyForDeploymentPostprocessing = 0;
		};
		0901E4952A8E53770079D5D5 /* Frameworks */ = {
			isa = PBXFrameworksBuildPhase;
			buildActionMask = 2147483647;
			files = (
			);
			runOnlyForDeploymentPostprocessing = 0;
		};
		0901E49F2A8E53770079D5D5 /* Frameworks */ = {
			isa = PBXFrameworksBuildPhase;
			buildActionMask = 2147483647;
			files = (
			);
			runOnlyForDeploymentPostprocessing = 0;
		};
/* End PBXFrameworksBuildPhase section */

/* Begin PBXGroup section */
		0901E4792A8E53740079D5D5 = {
			isa = PBXGroup;
			children = (
				0901E4842A8E53740079D5D5 /* TrendingMovies */,
				0901E49B2A8E53770079D5D5 /* TrendingMoviesTests */,
				0901E4A52A8E53770079D5D5 /* TrendingMoviesUITests */,
				0901E4832A8E53740079D5D5 /* Products */,
			);
			sourceTree = "<group>";
		};
		0901E4832A8E53740079D5D5 /* Products */ = {
			isa = PBXGroup;
			children = (
				0901E4822A8E53740079D5D5 /* TrendingMovies.app */,
				0901E4982A8E53770079D5D5 /* TrendingMoviesTests.xctest */,
				0901E4A22A8E53770079D5D5 /* TrendingMoviesUITests.xctest */,
			);
			name = Products;
			sourceTree = "<group>";
		};
		0901E4842A8E53740079D5D5 /* TrendingMovies */ = {
			isa = PBXGroup;
			children = (
				0901E4852A8E53740079D5D5 /* AppDelegate.swift */,
				09205AC32AB9141D00A76831 /* SceneDelegate.swift */,
				09205AC82ABA8C1C00A76831 /* Entities */,
				09205AC52ABA80E900A76831 /* Common */,
				09205AB32AB33F0300A76831 /* VIPERBase */,
				09205AB22AAD487500A76831 /* Trending Movies List */,
				0901E48E2A8E53770079D5D5 /* Assets.xcassets */,
				0901E4902A8E53770079D5D5 /* LaunchScreen.storyboard */,
				0901E4932A8E53770079D5D5 /* Info.plist */,
			);
			path = TrendingMovies;
			sourceTree = "<group>";
		};
		0901E49B2A8E53770079D5D5 /* TrendingMoviesTests */ = {
			isa = PBXGroup;
			children = (
				0901E49C2A8E53770079D5D5 /* TrendingMoviesTests.swift */,
			);
			path = TrendingMoviesTests;
			sourceTree = "<group>";
		};
		0901E4A52A8E53770079D5D5 /* TrendingMoviesUITests */ = {
			isa = PBXGroup;
			children = (
				0901E4A62A8E53770079D5D5 /* TrendingMoviesUITests.swift */,
				0901E4A82A8E53770079D5D5 /* TrendingMoviesUITestsLaunchTests.swift */,
			);
			path = TrendingMoviesUITests;
			sourceTree = "<group>";
		};
		09205AB22AAD487500A76831 /* Trending Movies List */ = {
			isa = PBXGroup;
			children = (
				09205AC92ABA8C9500A76831 /* Protocols */,
				09205ACA2ABA8CA100A76831 /* View */,
				09205ACB2ABA8CAD00A76831 /* Presenter */,
				09205ACC2ABA8CB500A76831 /* Interactot */,
				09205ACD2ABA8CF200A76831 /* Service */,
				09602E282ABEAB9C001F6280 /* Entities */,
				09205ACE2ABA8CF900A76831 /* WireFrame */,
			);
			path = "Trending Movies List";
			sourceTree = "<group>";
		};
		09205AB32AB33F0300A76831 /* VIPERBase */ = {
			isa = PBXGroup;
			children = (
				09205AB42AB5400100A76831 /* TMBaseViewController.swift */,
				09205AB62AB5407A00A76831 /* TMBasePresenter.swift */,
				09205AB82AB5426E00A76831 /* TMBaseInteractor.swift */,
				09205ABA2AB5432100A76831 /* TMBaseWireFrame.swift */,
			);
			path = VIPERBase;
			sourceTree = "<group>";
		};
		09205AC52ABA80E900A76831 /* Common */ = {
			isa = PBXGroup;
			children = (
				0901E4B72A8E721F0079D5D5 /* TMDBApiInfo.swift */,
				09602E2D2ABECB37001F6280 /* ErrorHandling.swift */,
				09602E2F2ABECB90001F6280 /* UIViewController+ErrorHandling.swift */,
			);
			path = Common;
			sourceTree = "<group>";
		};
		09205AC82ABA8C1C00A76831 /* Entities */ = {
			isa = PBXGroup;
			children = (
				09602E292ABEABB2001F6280 /* TMConfigModel.swift */,
			);
			path = Entities;
			sourceTree = "<group>";
		};
		09205AC92ABA8C9500A76831 /* Protocols */ = {
			isa = PBXGroup;
			children = (
				09205AA72AAD486400A76831 /* TMMoviesListContract.swift */,
			);
			path = Protocols;
			sourceTree = "<group>";
		};
		09205ACA2ABA8CA100A76831 /* View */ = {
			isa = PBXGroup;
			children = (
				0901E48B2A8E53740079D5D5 /* TMMovies.storyboard */,
				09205AA92AAD486400A76831 /* TMMoviesListController.swift */,
				0901E4B52A8E694B0079D5D5 /* TMMovieTableViewCell.swift */,
			);
			path = View;
			sourceTree = "<group>";
		};
		09205ACB2ABA8CAD00A76831 /* Presenter */ = {
			isa = PBXGroup;
			children = (
				09205AA82AAD486400A76831 /* TMMoviesListPresenter.swift */,
			);
			path = Presenter;
			sourceTree = "<group>";
		};
		09205ACC2ABA8CB500A76831 /* Interactot */ = {
			isa = PBXGroup;
			children = (
				09205AAA2AAD486400A76831 /* TMMoviesListInteractor.swift */,
			);
			path = Interactot;
			sourceTree = "<group>";
		};
		09205ACD2ABA8CF200A76831 /* Service */ = {
			isa = PBXGroup;
			children = (
				09205ABC2AB553B900A76831 /* TMMovieService.swift */,
				09602E2B2ABEAC31001F6280 /* TMConfigurationService.swift */,
			);
			path = Service;
			sourceTree = "<group>";
		};
		09205ACE2ABA8CF900A76831 /* WireFrame */ = {
			isa = PBXGroup;
			children = (
				09205AAB2AAD486400A76831 /* TMMoviesListWireframe.swift */,
			);
			path = WireFrame;
			sourceTree = "<group>";
		};
		09602E282ABEAB9C001F6280 /* Entities */ = {
			isa = PBXGroup;
			children = (
				0901E4B92A8E73EE0079D5D5 /* TMMovieListResponse.swift */,
				09205AC62ABA89FB00A76831 /* TMMovieUIModel.swift */,
			);
			path = Entities;
			sourceTree = "<group>";
		};
/* End PBXGroup section */

/* Begin PBXNativeTarget section */
		0901E4812A8E53740079D5D5 /* TrendingMovies */ = {
			isa = PBXNativeTarget;
			buildConfigurationList = 0901E4AC2A8E53770079D5D5 /* Build configuration list for PBXNativeTarget "TrendingMovies" */;
			buildPhases = (
				0901E47E2A8E53740079D5D5 /* Sources */,
				0901E47F2A8E53740079D5D5 /* Frameworks */,
				0901E4802A8E53740079D5D5 /* Resources */,
			);
			buildRules = (
			);
			dependencies = (
			);
			name = TrendingMovies;
			packageProductDependencies = (
				09205ABF2AB727FF00A76831 /* Alamofire */,
				09602E262ABEA49E001F6280 /* SDWebImage */,
			);
			productName = TrendingMovies;
			productReference = 0901E4822A8E53740079D5D5 /* TrendingMovies.app */;
			productType = "com.apple.product-type.application";
		};
		0901E4972A8E53770079D5D5 /* TrendingMoviesTests */ = {
			isa = PBXNativeTarget;
			buildConfigurationList = 0901E4AF2A8E53770079D5D5 /* Build configuration list for PBXNativeTarget "TrendingMoviesTests" */;
			buildPhases = (
				0901E4942A8E53770079D5D5 /* Sources */,
				0901E4952A8E53770079D5D5 /* Frameworks */,
				0901E4962A8E53770079D5D5 /* Resources */,
			);
			buildRules = (
			);
			dependencies = (
				0901E49A2A8E53770079D5D5 /* PBXTargetDependency */,
			);
			name = TrendingMoviesTests;
			productName = TrendingMoviesTests;
			productReference = 0901E4982A8E53770079D5D5 /* TrendingMoviesTests.xctest */;
			productType = "com.apple.product-type.bundle.unit-test";
		};
		0901E4A12A8E53770079D5D5 /* TrendingMoviesUITests */ = {
			isa = PBXNativeTarget;
			buildConfigurationList = 0901E4B22A8E53770079D5D5 /* Build configuration list for PBXNativeTarget "TrendingMoviesUITests" */;
			buildPhases = (
				0901E49E2A8E53770079D5D5 /* Sources */,
				0901E49F2A8E53770079D5D5 /* Frameworks */,
				0901E4A02A8E53770079D5D5 /* Resources */,
			);
			buildRules = (
			);
			dependencies = (
				0901E4A42A8E53770079D5D5 /* PBXTargetDependency */,
			);
			name = TrendingMoviesUITests;
			productName = TrendingMoviesUITests;
			productReference = 0901E4A22A8E53770079D5D5 /* TrendingMoviesUITests.xctest */;
			productType = "com.apple.product-type.bundle.ui-testing";
		};
/* End PBXNativeTarget section */

/* Begin PBXProject section */
		0901E47A2A8E53740079D5D5 /* Project object */ = {
			isa = PBXProject;
			attributes = {
				BuildIndependentTargetsInParallel = 1;
				LastSwiftUpdateCheck = 1430;
				LastUpgradeCheck = 1430;
				TargetAttributes = {
					0901E4812A8E53740079D5D5 = {
						CreatedOnToolsVersion = 14.3;
					};
					0901E4972A8E53770079D5D5 = {
						CreatedOnToolsVersion = 14.3;
						TestTargetID = 0901E4812A8E53740079D5D5;
					};
					0901E4A12A8E53770079D5D5 = {
						CreatedOnToolsVersion = 14.3;
						TestTargetID = 0901E4812A8E53740079D5D5;
					};
				};
			};
			buildConfigurationList = 0901E47D2A8E53740079D5D5 /* Build configuration list for PBXProject "TrendingMovies" */;
			compatibilityVersion = "Xcode 14.0";
			developmentRegion = en;
			hasScannedForEncodings = 0;
			knownRegions = (
				en,
				Base,
			);
			mainGroup = 0901E4792A8E53740079D5D5;
			packageReferences = (
				09205ABE2AB727FF00A76831 /* XCRemoteSwiftPackageReference "Alamofire" */,
				09602E252ABEA49E001F6280 /* XCRemoteSwiftPackageReference "SDWebImage" */,
			);
			productRefGroup = 0901E4832A8E53740079D5D5 /* Products */;
			projectDirPath = "";
			projectRoot = "";
			targets = (
				0901E4812A8E53740079D5D5 /* TrendingMovies */,
				0901E4972A8E53770079D5D5 /* TrendingMoviesTests */,
				0901E4A12A8E53770079D5D5 /* TrendingMoviesUITests */,
			);
		};
/* End PBXProject section */

/* Begin PBXResourcesBuildPhase section */
		0901E4802A8E53740079D5D5 /* Resources */ = {
			isa = PBXResourcesBuildPhase;
			buildActionMask = 2147483647;
			files = (
				0901E4922A8E53770079D5D5 /* LaunchScreen.storyboard in Resources */,
				0901E48F2A8E53770079D5D5 /* Assets.xcassets in Resources */,
				0901E48D2A8E53740079D5D5 /* TMMovies.storyboard in Resources */,
			);
			runOnlyForDeploymentPostprocessing = 0;
		};
		0901E4962A8E53770079D5D5 /* Resources */ = {
			isa = PBXResourcesBuildPhase;
			buildActionMask = 2147483647;
			files = (
			);
			runOnlyForDeploymentPostprocessing = 0;
		};
		0901E4A02A8E53770079D5D5 /* Resources */ = {
			isa = PBXResourcesBuildPhase;
			buildActionMask = 2147483647;
			files = (
			);
			runOnlyForDeploymentPostprocessing = 0;
		};
/* End PBXResourcesBuildPhase section */

/* Begin PBXSourcesBuildPhase section */
		0901E47E2A8E53740079D5D5 /* Sources */ = {
			isa = PBXSourcesBuildPhase;
			buildActionMask = 2147483647;
			files = (
				0901E4B82A8E721F0079D5D5 /* TMDBApiInfo.swift in Sources */,
				09205AB92AB5426E00A76831 /* TMBaseInteractor.swift in Sources */,
				0901E4862A8E53740079D5D5 /* AppDelegate.swift in Sources */,
				09205ABB2AB5432100A76831 /* TMBaseWireFrame.swift in Sources */,
				09205AAD2AAD486400A76831 /* TMMoviesListContract.swift in Sources */,
				09205AB02AAD486400A76831 /* TMMoviesListInteractor.swift in Sources */,
				09602E2A2ABEABB2001F6280 /* TMConfigModel.swift in Sources */,
				09602E2E2ABECB37001F6280 /* ErrorHandling.swift in Sources */,
				09205AC42AB9141D00A76831 /* SceneDelegate.swift in Sources */,
				0901E4B62A8E694B0079D5D5 /* TMMovieTableViewCell.swift in Sources */,
				09602E302ABECB91001F6280 /* UIViewController+ErrorHandling.swift in Sources */,
				09205ABD2AB553B900A76831 /* TMMovieService.swift in Sources */,
				09205AAE2AAD486400A76831 /* TMMoviesListPresenter.swift in Sources */,
				0901E4BA2A8E73EE0079D5D5 /* TMMovieListResponse.swift in Sources */,
				09205AB52AB5400100A76831 /* TMBaseViewController.swift in Sources */,
				09205AAF2AAD486400A76831 /* TMMoviesListController.swift in Sources */,
				09205AB12AAD486400A76831 /* TMMoviesListWireframe.swift in Sources */,
				09602E2C2ABEAC31001F6280 /* TMConfigurationService.swift in Sources */,
				09205AB72AB5407A00A76831 /* TMBasePresenter.swift in Sources */,
				09205AC72ABA89FB00A76831 /* TMMovieUIModel.swift in Sources */,
			);
			runOnlyForDeploymentPostprocessing = 0;
		};
		0901E4942A8E53770079D5D5 /* Sources */ = {
			isa = PBXSourcesBuildPhase;
			buildActionMask = 2147483647;
			files = (
				0901E49D2A8E53770079D5D5 /* TrendingMoviesTests.swift in Sources */,
			);
			runOnlyForDeploymentPostprocessing = 0;
		};
		0901E49E2A8E53770079D5D5 /* Sources */ = {
			isa = PBXSourcesBuildPhase;
			buildActionMask = 2147483647;
			files = (
				0901E4A92A8E53770079D5D5 /* TrendingMoviesUITestsLaunchTests.swift in Sources */,
				0901E4A72A8E53770079D5D5 /* TrendingMoviesUITests.swift in Sources */,
			);
			runOnlyForDeploymentPostprocessing = 0;
		};
/* End PBXSourcesBuildPhase section */

/* Begin PBXTargetDependency section */
		0901E49A2A8E53770079D5D5 /* PBXTargetDependency */ = {
			isa = PBXTargetDependency;
			target = 0901E4812A8E53740079D5D5 /* TrendingMovies */;
			targetProxy = 0901E4992A8E53770079D5D5 /* PBXContainerItemProxy */;
		};
		0901E4A42A8E53770079D5D5 /* PBXTargetDependency */ = {
			isa = PBXTargetDependency;
			target = 0901E4812A8E53740079D5D5 /* TrendingMovies */;
			targetProxy = 0901E4A32A8E53770079D5D5 /* PBXContainerItemProxy */;
		};
/* End PBXTargetDependency section */

/* Begin PBXVariantGroup section */
		0901E48B2A8E53740079D5D5 /* TMMovies.storyboard */ = {
			isa = PBXVariantGroup;
			children = (
				0901E48C2A8E53740079D5D5 /* Base */,
			);
			name = TMMovies.storyboard;
			sourceTree = "<group>";
		};
		0901E4902A8E53770079D5D5 /* LaunchScreen.storyboard */ = {
			isa = PBXVariantGroup;
			children = (
				0901E4912A8E53770079D5D5 /* Base */,
			);
			name = LaunchScreen.storyboard;
			sourceTree = "<group>";
		};
/* End PBXVariantGroup section */

/* Begin XCBuildConfiguration section */
		0901E4AA2A8E53770079D5D5 /* Debug */ = {
			isa = XCBuildConfiguration;
			buildSettings = {
				ALWAYS_SEARCH_USER_PATHS = NO;
				CLANG_ANALYZER_NONNULL = YES;
				CLANG_ANALYZER_NUMBER_OBJECT_CONVERSION = YES_AGGRESSIVE;
				CLANG_CXX_LANGUAGE_STANDARD = "gnu++20";
				CLANG_ENABLE_MODULES = YES;
				CLANG_ENABLE_OBJC_ARC = YES;
				CLANG_ENABLE_OBJC_WEAK = YES;
				CLANG_WARN_BLOCK_CAPTURE_AUTORELEASING = YES;
				CLANG_WARN_BOOL_CONVERSION = YES;
				CLANG_WARN_COMMA = YES;
				CLANG_WARN_CONSTANT_CONVERSION = YES;
				CLANG_WARN_DEPRECATED_OBJC_IMPLEMENTATIONS = YES;
				CLANG_WARN_DIRECT_OBJC_ISA_USAGE = YES_ERROR;
				CLANG_WARN_DOCUMENTATION_COMMENTS = YES;
				CLANG_WARN_EMPTY_BODY = YES;
				CLANG_WARN_ENUM_CONVERSION = YES;
				CLANG_WARN_INFINITE_RECURSION = YES;
				CLANG_WARN_INT_CONVERSION = YES;
				CLANG_WARN_NON_LITERAL_NULL_CONVERSION = YES;
				CLANG_WARN_OBJC_IMPLICIT_RETAIN_SELF = YES;
				CLANG_WARN_OBJC_LITERAL_CONVERSION = YES;
				CLANG_WARN_OBJC_ROOT_CLASS = YES_ERROR;
				CLANG_WARN_QUOTED_INCLUDE_IN_FRAMEWORK_HEADER = YES;
				CLANG_WARN_RANGE_LOOP_ANALYSIS = YES;
				CLANG_WARN_STRICT_PROTOTYPES = YES;
				CLANG_WARN_SUSPICIOUS_MOVE = YES;
				CLANG_WARN_UNGUARDED_AVAILABILITY = YES_AGGRESSIVE;
				CLANG_WARN_UNREACHABLE_CODE = YES;
				CLANG_WARN__DUPLICATE_METHOD_MATCH = YES;
				COPY_PHASE_STRIP = NO;
				DEBUG_INFORMATION_FORMAT = dwarf;
				ENABLE_STRICT_OBJC_MSGSEND = YES;
				ENABLE_TESTABILITY = YES;
				GCC_C_LANGUAGE_STANDARD = gnu11;
				GCC_DYNAMIC_NO_PIC = NO;
				GCC_NO_COMMON_BLOCKS = YES;
				GCC_OPTIMIZATION_LEVEL = 0;
				GCC_PREPROCESSOR_DEFINITIONS = (
					"DEBUG=1",
					"$(inherited)",
				);
				GCC_WARN_64_TO_32_BIT_CONVERSION = YES;
				GCC_WARN_ABOUT_RETURN_TYPE = YES_ERROR;
				GCC_WARN_UNDECLARED_SELECTOR = YES;
				GCC_WARN_UNINITIALIZED_AUTOS = YES_AGGRESSIVE;
				GCC_WARN_UNUSED_FUNCTION = YES;
				GCC_WARN_UNUSED_VARIABLE = YES;
				IPHONEOS_DEPLOYMENT_TARGET = 16.4;
				MTL_ENABLE_DEBUG_INFO = INCLUDE_SOURCE;
				MTL_FAST_MATH = YES;
				ONLY_ACTIVE_ARCH = YES;
				SDKROOT = iphoneos;
				SWIFT_ACTIVE_COMPILATION_CONDITIONS = DEBUG;
				SWIFT_OPTIMIZATION_LEVEL = "-Onone";
			};
			name = Debug;
		};
		0901E4AB2A8E53770079D5D5 /* Release */ = {
			isa = XCBuildConfiguration;
			buildSettings = {
				ALWAYS_SEARCH_USER_PATHS = NO;
				CLANG_ANALYZER_NONNULL = YES;
				CLANG_ANALYZER_NUMBER_OBJECT_CONVERSION = YES_AGGRESSIVE;
				CLANG_CXX_LANGUAGE_STANDARD = "gnu++20";
				CLANG_ENABLE_MODULES = YES;
				CLANG_ENABLE_OBJC_ARC = YES;
				CLANG_ENABLE_OBJC_WEAK = YES;
				CLANG_WARN_BLOCK_CAPTURE_AUTORELEASING = YES;
				CLANG_WARN_BOOL_CONVERSION = YES;
				CLANG_WARN_COMMA = YES;
				CLANG_WARN_CONSTANT_CONVERSION = YES;
				CLANG_WARN_DEPRECATED_OBJC_IMPLEMENTATIONS = YES;
				CLANG_WARN_DIRECT_OBJC_ISA_USAGE = YES_ERROR;
				CLANG_WARN_DOCUMENTATION_COMMENTS = YES;
				CLANG_WARN_EMPTY_BODY = YES;
				CLANG_WARN_ENUM_CONVERSION = YES;
				CLANG_WARN_INFINITE_RECURSION = YES;
				CLANG_WARN_INT_CONVERSION = YES;
				CLANG_WARN_NON_LITERAL_NULL_CONVERSION = YES;
				CLANG_WARN_OBJC_IMPLICIT_RETAIN_SELF = YES;
				CLANG_WARN_OBJC_LITERAL_CONVERSION = YES;
				CLANG_WARN_OBJC_ROOT_CLASS = YES_ERROR;
				CLANG_WARN_QUOTED_INCLUDE_IN_FRAMEWORK_HEADER = YES;
				CLANG_WARN_RANGE_LOOP_ANALYSIS = YES;
				CLANG_WARN_STRICT_PROTOTYPES = YES;
				CLANG_WARN_SUSPICIOUS_MOVE = YES;
				CLANG_WARN_UNGUARDED_AVAILABILITY = YES_AGGRESSIVE;
				CLANG_WARN_UNREACHABLE_CODE = YES;
				CLANG_WARN__DUPLICATE_METHOD_MATCH = YES;
				COPY_PHASE_STRIP = NO;
				DEBUG_INFORMATION_FORMAT = "dwarf-with-dsym";
				ENABLE_NS_ASSERTIONS = NO;
				ENABLE_STRICT_OBJC_MSGSEND = YES;
				GCC_C_LANGUAGE_STANDARD = gnu11;
				GCC_NO_COMMON_BLOCKS = YES;
				GCC_WARN_64_TO_32_BIT_CONVERSION = YES;
				GCC_WARN_ABOUT_RETURN_TYPE = YES_ERROR;
				GCC_WARN_UNDECLARED_SELECTOR = YES;
				GCC_WARN_UNINITIALIZED_AUTOS = YES_AGGRESSIVE;
				GCC_WARN_UNUSED_FUNCTION = YES;
				GCC_WARN_UNUSED_VARIABLE = YES;
				IPHONEOS_DEPLOYMENT_TARGET = 16.4;
				MTL_ENABLE_DEBUG_INFO = NO;
				MTL_FAST_MATH = YES;
				SDKROOT = iphoneos;
				SWIFT_COMPILATION_MODE = wholemodule;
				SWIFT_OPTIMIZATION_LEVEL = "-O";
				VALIDATE_PRODUCT = YES;
			};
			name = Release;
		};
		0901E4AD2A8E53770079D5D5 /* Debug */ = {
			isa = XCBuildConfiguration;
			buildSettings = {
				ASSETCATALOG_COMPILER_APPICON_NAME = AppIcon;
				ASSETCATALOG_COMPILER_GLOBAL_ACCENT_COLOR_NAME = AccentColor;
				CODE_SIGN_STYLE = Automatic;
				CURRENT_PROJECT_VERSION = 1;
				DEVELOPMENT_TEAM = 3ZF9X2F6MZ;
				GENERATE_INFOPLIST_FILE = YES;
				INFOPLIST_FILE = TrendingMovies/Info.plist;
				INFOPLIST_KEY_UIApplicationSupportsIndirectInputEvents = YES;
				INFOPLIST_KEY_UILaunchStoryboardName = LaunchScreen;
				INFOPLIST_KEY_UIMainStoryboardFile = TMMovies;
				INFOPLIST_KEY_UISupportedInterfaceOrientations = UIInterfaceOrientationPortrait;
				INFOPLIST_KEY_UISupportedInterfaceOrientations_iPad = "UIInterfaceOrientationLandscapeLeft UIInterfaceOrientationLandscapeRight UIInterfaceOrientationPortrait UIInterfaceOrientationPortraitUpsideDown";
				LD_RUNPATH_SEARCH_PATHS = (
					"$(inherited)",
					"@executable_path/Frameworks",
				);
				MARKETING_VERSION = 1.0;
				PRODUCT_BUNDLE_IDENTIFIER = Tahan.TrendingMovies;
				PRODUCT_NAME = "$(TARGET_NAME)";
				SWIFT_EMIT_LOC_STRINGS = YES;
				SWIFT_VERSION = 5.0;
				TARGETED_DEVICE_FAMILY = "1,2";
			};
			name = Debug;
		};
		0901E4AE2A8E53770079D5D5 /* Release */ = {
			isa = XCBuildConfiguration;
			buildSettings = {
				ASSETCATALOG_COMPILER_APPICON_NAME = AppIcon;
				ASSETCATALOG_COMPILER_GLOBAL_ACCENT_COLOR_NAME = AccentColor;
				CODE_SIGN_STYLE = Automatic;
				CURRENT_PROJECT_VERSION = 1;
				DEVELOPMENT_TEAM = 3ZF9X2F6MZ;
				GENERATE_INFOPLIST_FILE = YES;
				INFOPLIST_FILE = TrendingMovies/Info.plist;
				INFOPLIST_KEY_UIApplicationSupportsIndirectInputEvents = YES;
				INFOPLIST_KEY_UILaunchStoryboardName = LaunchScreen;
				INFOPLIST_KEY_UIMainStoryboardFile = TMMovies;
				INFOPLIST_KEY_UISupportedInterfaceOrientations = UIInterfaceOrientationPortrait;
				INFOPLIST_KEY_UISupportedInterfaceOrientations_iPad = "UIInterfaceOrientationLandscapeLeft UIInterfaceOrientationLandscapeRight UIInterfaceOrientationPortrait UIInterfaceOrientationPortraitUpsideDown";
				LD_RUNPATH_SEARCH_PATHS = (
					"$(inherited)",
					"@executable_path/Frameworks",
				);
				MARKETING_VERSION = 1.0;
				PRODUCT_BUNDLE_IDENTIFIER = Tahan.TrendingMovies;
				PRODUCT_NAME = "$(TARGET_NAME)";
				SWIFT_EMIT_LOC_STRINGS = YES;
				SWIFT_VERSION = 5.0;
				TARGETED_DEVICE_FAMILY = "1,2";
			};
			name = Release;
		};
		0901E4B02A8E53770079D5D5 /* Debug */ = {
			isa = XCBuildConfiguration;
			buildSettings = {
				ALWAYS_EMBED_SWIFT_STANDARD_LIBRARIES = YES;
				BUNDLE_LOADER = "$(TEST_HOST)";
				CODE_SIGN_STYLE = Automatic;
				CURRENT_PROJECT_VERSION = 1;
				DEVELOPMENT_TEAM = 3ZF9X2F6MZ;
				GENERATE_INFOPLIST_FILE = YES;
				IPHONEOS_DEPLOYMENT_TARGET = 16.4;
				MARKETING_VERSION = 1.0;
				PRODUCT_BUNDLE_IDENTIFIER = Tahan.TrendingMoviesTests;
				PRODUCT_NAME = "$(TARGET_NAME)";
				SWIFT_EMIT_LOC_STRINGS = NO;
				SWIFT_VERSION = 5.0;
				TARGETED_DEVICE_FAMILY = "1,2";
				TEST_HOST = "$(BUILT_PRODUCTS_DIR)/TrendingMovies.app/$(BUNDLE_EXECUTABLE_FOLDER_PATH)/TrendingMovies";
			};
			name = Debug;
		};
		0901E4B12A8E53770079D5D5 /* Release */ = {
			isa = XCBuildConfiguration;
			buildSettings = {
				ALWAYS_EMBED_SWIFT_STANDARD_LIBRARIES = YES;
				BUNDLE_LOADER = "$(TEST_HOST)";
				CODE_SIGN_STYLE = Automatic;
				CURRENT_PROJECT_VERSION = 1;
				DEVELOPMENT_TEAM = 3ZF9X2F6MZ;
				GENERATE_INFOPLIST_FILE = YES;
				IPHONEOS_DEPLOYMENT_TARGET = 16.4;
				MARKETING_VERSION = 1.0;
				PRODUCT_BUNDLE_IDENTIFIER = Tahan.TrendingMoviesTests;
				PRODUCT_NAME = "$(TARGET_NAME)";
				SWIFT_EMIT_LOC_STRINGS = NO;
				SWIFT_VERSION = 5.0;
				TARGETED_DEVICE_FAMILY = "1,2";
				TEST_HOST = "$(BUILT_PRODUCTS_DIR)/TrendingMovies.app/$(BUNDLE_EXECUTABLE_FOLDER_PATH)/TrendingMovies";
			};
			name = Release;
		};
		0901E4B32A8E53770079D5D5 /* Debug */ = {
			isa = XCBuildConfiguration;
			buildSettings = {
				ALWAYS_EMBED_SWIFT_STANDARD_LIBRARIES = YES;
				CODE_SIGN_STYLE = Automatic;
				CURRENT_PROJECT_VERSION = 1;
				DEVELOPMENT_TEAM = 3ZF9X2F6MZ;
				GENERATE_INFOPLIST_FILE = YES;
				MARKETING_VERSION = 1.0;
				PRODUCT_BUNDLE_IDENTIFIER = Tahan.TrendingMoviesUITests;
				PRODUCT_NAME = "$(TARGET_NAME)";
				SWIFT_EMIT_LOC_STRINGS = NO;
				SWIFT_VERSION = 5.0;
				TARGETED_DEVICE_FAMILY = "1,2";
				TEST_TARGET_NAME = TrendingMovies;
			};
			name = Debug;
		};
		0901E4B42A8E53770079D5D5 /* Release */ = {
			isa = XCBuildConfiguration;
			buildSettings = {
				ALWAYS_EMBED_SWIFT_STANDARD_LIBRARIES = YES;
				CODE_SIGN_STYLE = Automatic;
				CURRENT_PROJECT_VERSION = 1;
				DEVELOPMENT_TEAM = 3ZF9X2F6MZ;
				GENERATE_INFOPLIST_FILE = YES;
				MARKETING_VERSION = 1.0;
				PRODUCT_BUNDLE_IDENTIFIER = Tahan.TrendingMoviesUITests;
				PRODUCT_NAME = "$(TARGET_NAME)";
				SWIFT_EMIT_LOC_STRINGS = NO;
				SWIFT_VERSION = 5.0;
				TARGETED_DEVICE_FAMILY = "1,2";
				TEST_TARGET_NAME = TrendingMovies;
			};
			name = Release;
		};
/* End XCBuildConfiguration section */

/* Begin XCConfigurationList section */
		0901E47D2A8E53740079D5D5 /* Build configuration list for PBXProject "TrendingMovies" */ = {
			isa = XCConfigurationList;
			buildConfigurations = (
				0901E4AA2A8E53770079D5D5 /* Debug */,
				0901E4AB2A8E53770079D5D5 /* Release */,
			);
			defaultConfigurationIsVisible = 0;
			defaultConfigurationName = Release;
		};
		0901E4AC2A8E53770079D5D5 /* Build configuration list for PBXNativeTarget "TrendingMovies" */ = {
			isa = XCConfigurationList;
			buildConfigurations = (
				0901E4AD2A8E53770079D5D5 /* Debug */,
				0901E4AE2A8E53770079D5D5 /* Release */,
			);
			defaultConfigurationIsVisible = 0;
			defaultConfigurationName = Release;
		};
		0901E4AF2A8E53770079D5D5 /* Build configuration list for PBXNativeTarget "TrendingMoviesTests" */ = {
			isa = XCConfigurationList;
			buildConfigurations = (
				0901E4B02A8E53770079D5D5 /* Debug */,
				0901E4B12A8E53770079D5D5 /* Release */,
			);
			defaultConfigurationIsVisible = 0;
			defaultConfigurationName = Release;
		};
		0901E4B22A8E53770079D5D5 /* Build configuration list for PBXNativeTarget "TrendingMoviesUITests" */ = {
			isa = XCConfigurationList;
			buildConfigurations = (
				0901E4B32A8E53770079D5D5 /* Debug */,
				0901E4B42A8E53770079D5D5 /* Release */,
			);
			defaultConfigurationIsVisible = 0;
			defaultConfigurationName = Release;
		};
/* End XCConfigurationList section */

/* Begin XCRemoteSwiftPackageReference section */
		09205ABE2AB727FF00A76831 /* XCRemoteSwiftPackageReference "Alamofire" */ = {
			isa = XCRemoteSwiftPackageReference;
			repositoryURL = "https://github.com/Alamofire/Alamofire.git";
			requirement = {
				kind = upToNextMajorVersion;
				minimumVersion = 5.8.0;
			};
		};
		09602E252ABEA49E001F6280 /* XCRemoteSwiftPackageReference "SDWebImage" */ = {
			isa = XCRemoteSwiftPackageReference;
			repositoryURL = "https://github.com/SDWebImage/SDWebImage.git";
			requirement = {
				kind = upToNextMajorVersion;
				minimumVersion = 5.1.0;
			};
		};
/* End XCRemoteSwiftPackageReference section */

/* Begin XCSwiftPackageProductDependency section */
		09205ABF2AB727FF00A76831 /* Alamofire */ = {
			isa = XCSwiftPackageProductDependency;
			package = 09205ABE2AB727FF00A76831 /* XCRemoteSwiftPackageReference "Alamofire" */;
			productName = Alamofire;
		};
		09602E262ABEA49E001F6280 /* SDWebImage */ = {
			isa = XCSwiftPackageProductDependency;
			package = 09602E252ABEA49E001F6280 /* XCRemoteSwiftPackageReference "SDWebImage" */;
			productName = SDWebImage;
		};
/* End XCSwiftPackageProductDependency section */
	};
	rootObject = 0901E47A2A8E53740079D5D5 /* Project object */;
}
